// !$*UTF8*$!
{
	archiveVersion = 1;
	classes = {
	};
	objectVersion = 50;
	objects = {

/* Begin PBXBuildFile section */
		4960665423A566C0002639B9 /* AppDelegate.swift in Sources */ = {isa = PBXBuildFile; fileRef = 4960665323A566C0002639B9 /* AppDelegate.swift */; };
		4960665623A566C0002639B9 /* SceneDelegate.swift in Sources */ = {isa = PBXBuildFile; fileRef = 4960665523A566C0002639B9 /* SceneDelegate.swift */; };
		4960665B23A566C0002639B9 /* Main.storyboard in Resources */ = {isa = PBXBuildFile; fileRef = 4960665923A566C0002639B9 /* Main.storyboard */; };
		4960665D23A566C5002639B9 /* Assets.xcassets in Resources */ = {isa = PBXBuildFile; fileRef = 4960665C23A566C5002639B9 /* Assets.xcassets */; };
		4960666023A566C5002639B9 /* LaunchScreen.storyboard in Resources */ = {isa = PBXBuildFile; fileRef = 4960665E23A566C5002639B9 /* LaunchScreen.storyboard */; };
		4960666823A56740002639B9 /* TableViewController.swift in Sources */ = {isa = PBXBuildFile; fileRef = 4960666723A56740002639B9 /* TableViewController.swift */; };
		4960666D23A5677B002639B9 /* Cat.swift in Sources */ = {isa = PBXBuildFile; fileRef = 4960666923A5677A002639B9 /* Cat.swift */; };
		4960666E23A5677B002639B9 /* DetailViewController.swift in Sources */ = {isa = PBXBuildFile; fileRef = 4960666A23A5677B002639B9 /* DetailViewController.swift */; };
		4960667023A5677B002639B9 /* CustomTableViewCell.swift in Sources */ = {isa = PBXBuildFile; fileRef = 4960666C23A5677B002639B9 /* CustomTableViewCell.swift */; };
/* End PBXBuildFile section */

/* Begin PBXFileReference section */
		4960665023A566C0002639B9 /* finalTestCatAPI.app */ = {isa = PBXFileReference; explicitFileType = wrapper.application; includeInIndex = 0; path = finalTestCatAPI.app; sourceTree = BUILT_PRODUCTS_DIR; };
		4960665323A566C0002639B9 /* AppDelegate.swift */ = {isa = PBXFileReference; lastKnownFileType = sourcecode.swift; path = AppDelegate.swift; sourceTree = "<group>"; };
		4960665523A566C0002639B9 /* SceneDelegate.swift */ = {isa = PBXFileReference; lastKnownFileType = sourcecode.swift; path = SceneDelegate.swift; sourceTree = "<group>"; };
		4960665A23A566C0002639B9 /* Base */ = {isa = PBXFileReference; lastKnownFileType = file.storyboard; name = Base; path = Base.lproj/Main.storyboard; sourceTree = "<group>"; };
		4960665C23A566C5002639B9 /* Assets.xcassets */ = {isa = PBXFileReference; lastKnownFileType = folder.assetcatalog; path = Assets.xcassets; sourceTree = "<group>"; };
		4960665F23A566C5002639B9 /* Base */ = {isa = PBXFileReference; lastKnownFileType = file.storyboard; name = Base; path = Base.lproj/LaunchScreen.storyboard; sourceTree = "<group>"; };
		4960666123A566C5002639B9 /* Info.plist */ = {isa = PBXFileReference; lastKnownFileType = text.plist.xml; path = Info.plist; sourceTree = "<group>"; };
		4960666723A56740002639B9 /* TableViewController.swift */ = {isa = PBXFileReference; lastKnownFileType = sourcecode.swift; path = TableViewController.swift; sourceTree = "<group>"; };
		4960666923A5677A002639B9 /* Cat.swift */ = {isa = PBXFileReference; fileEncoding = 4; lastKnownFileType = sourcecode.swift; path = Cat.swift; sourceTree = "<group>"; };
		4960666A23A5677B002639B9 /* DetailViewController.swift */ = {isa = PBXFileReference; fileEncoding = 4; lastKnownFileType = sourcecode.swift; path = DetailViewController.swift; sourceTree = "<group>"; };
		4960666C23A5677B002639B9 /* CustomTableViewCell.swift */ = {isa = PBXFileReference; fileEncoding = 4; lastKnownFileType = sourcecode.swift; path = CustomTableViewCell.swift; sourceTree = "<group>"; };
/* End PBXFileReference section */

/* Begin PBXFrameworksBuildPhase section */
		4960664D23A566C0002639B9 /* Frameworks */ = {
			isa = PBXFrameworksBuildPhase;
			buildActionMask = 2147483647;
			files = (
			);
			runOnlyForDeploymentPostprocessing = 0;
		};
/* End PBXFrameworksBuildPhase section */

/* Begin PBXGroup section */
		4960664723A566C0002639B9 = {
			isa = PBXGroup;
			children = (
				4960665223A566C0002639B9 /* finalTestCatAPI */,
				4960665123A566C0002639B9 /* Products */,
			);
			sourceTree = "<group>";
		};
		4960665123A566C0002639B9 /* Products */ = {
			isa = PBXGroup;
			children = (
				4960665023A566C0002639B9 /* finalTestCatAPI.app */,
			);
			name = Products;
			sourceTree = "<group>";
		};
		4960665223A566C0002639B9 /* finalTestCatAPI */ = {
			isa = PBXGroup;
			children = (
				4960665323A566C0002639B9 /* AppDelegate.swift */,
				4960665523A566C0002639B9 /* SceneDelegate.swift */,
				4960665923A566C0002639B9 /* Main.storyboard */,
				4960666923A5677A002639B9 /* Cat.swift */,
				4960666C23A5677B002639B9 /* CustomTableViewCell.swift */,
				4960666A23A5677B002639B9 /* DetailViewController.swift */,
				4960666723A56740002639B9 /* TableViewController.swift */,
				4960665C23A566C5002639B9 /* Assets.xcassets */,
				4960665E23A566C5002639B9 /* LaunchScreen.storyboard */,
				4960666123A566C5002639B9 /* Info.plist */,
			);
			path = finalTestCatAPI;
			sourceTree = "<group>";
		};
/* End PBXGroup section */

/* Begin PBXNativeTarget section */
		4960664F23A566C0002639B9 /* finalTestCatAPI */ = {
			isa = PBXNativeTarget;
			buildConfigurationList = 4960666423A566C5002639B9 /* Build configuration list for PBXNativeTarget "finalTestCatAPI" */;
			buildPhases = (
				4960664C23A566C0002639B9 /* Sources */,
				4960664D23A566C0002639B9 /* Frameworks */,
				4960664E23A566C0002639B9 /* Resources */,
			);
			buildRules = (
			);
			dependencies = (
			);
			name = finalTestCatAPI;
			productName = finalTestCatAPI;
			productReference = 4960665023A566C0002639B9 /* finalTestCatAPI.app */;
			productType = "com.apple.product-type.application";
		};
/* End PBXNativeTarget section */

/* Begin PBXProject section */
		4960664823A566C0002639B9 /* Project object */ = {
			isa = PBXProject;
			attributes = {
				LastSwiftUpdateCheck = 1110;
				LastUpgradeCheck = 1110;
				ORGANIZATIONNAME = "Максим Чесников";
				TargetAttributes = {
					4960664F23A566C0002639B9 = {
						CreatedOnToolsVersion = 11.1;
					};
				};
			};
			buildConfigurationList = 4960664B23A566C0002639B9 /* Build configuration list for PBXProject "finalTestCatAPI" */;
			compatibilityVersion = "Xcode 9.3";
			developmentRegion = en;
			hasScannedForEncodings = 0;
			knownRegions = (
				en,
				Base,
			);
			mainGroup = 4960664723A566C0002639B9;
			productRefGroup = 4960665123A566C0002639B9 /* Products */;
			projectDirPath = "";
			projectRoot = "";
			targets = (
				4960664F23A566C0002639B9 /* finalTestCatAPI */,
			);
		};
/* End PBXProject section */

/* Begin PBXResourcesBuildPhase section */
		4960664E23A566C0002639B9 /* Resources */ = {
			isa = PBXResourcesBuildPhase;
			buildActionMask = 2147483647;
			files = (
				4960666023A566C5002639B9 /* LaunchScreen.storyboard in Resources */,
				4960665D23A566C5002639B9 /* Assets.xcassets in Resources */,
				4960665B23A566C0002639B9 /* Main.storyboard in Resources */,
			);
			runOnlyForDeploymentPostprocessing = 0;
		};
/* End PBXResourcesBuildPhase section */

/* Begin PBXSourcesBuildPhase section */
		4960664C23A566C0002639B9 /* Sources */ = {
			isa = PBXSourcesBuildPhase;
			buildActionMask = 2147483647;
			files = (
				4960665423A566C0002639B9 /* AppDelegate.swift in Sources */,
				4960667023A5677B002639B9 /* CustomTableViewCell.swift in Sources */,
				4960666D23A5677B002639B9 /* Cat.swift in Sources */,
				4960666E23A5677B002639B9 /* DetailViewController.swift in Sources */,
				4960665623A566C0002639B9 /* SceneDelegate.swift in Sources */,
				4960666823A56740002639B9 /* TableViewController.swift in Sources */,
			);
			runOnlyForDeploymentPostprocessing = 0;
		};
/* End PBXSourcesBuildPhase section */

/* Begin PBXVariantGroup section */
		4960665923A566C0002639B9 /* Main.storyboard */ = {
			isa = PBXVariantGroup;
			children = (
				4960665A23A566C0002639B9 /* Base */,
			);
			name = Main.storyboard;
			sourceTree = "<group>";
		};
		4960665E23A566C5002639B9 /* LaunchScreen.storyboard */ = {
			isa = PBXVariantGroup;
			children = (
				4960665F23A566C5002639B9 /* Base */,
			);
			name = LaunchScreen.storyboard;
			sourceTree = "<group>";
		};
/* End PBXVariantGroup section */

/* Begin XCBuildConfiguration section */
		4960666223A566C5002639B9 /* Debug */ = {
			isa = XCBuildConfiguration;
			buildSettings = {
				ALWAYS_SEARCH_USER_PATHS = NO;
				CLANG_ANALYZER_NONNULL = YES;
				CLANG_ANALYZER_NUMBER_OBJECT_CONVERSION = YES_AGGRESSIVE;
				CLANG_CXX_LANGUAGE_STANDARD = "gnu++14";
				CLANG_CXX_LIBRARY = "libc++";
				CLANG_ENABLE_MODULES = YES;
				CLANG_ENABLE_OBJC_ARC = YES;
				CLANG_ENABLE_OBJC_WEAK = YES;
				CLANG_WARN_BLOCK_CAPTURE_AUTORELEASING = YES;
				CLANG_WARN_BOOL_CONVERSION = YES;
				CLANG_WARN_COMMA = YES;
				CLANG_WARN_CONSTANT_CONVERSION = YES;
				CLANG_WARN_DEPRECATED_OBJC_IMPLEMENTATIONS = YES;
				CLANG_WARN_DIRECT_OBJC_ISA_USAGE = YES_ERROR;
				CLANG_WARN_DOCUMENTATION_COMMENTS = YES;
				CLANG_WARN_EMPTY_BODY = YES;
				CLANG_WARN_ENUM_CONVERSION = YES;
				CLANG_WARN_INFINITE_RECURSION = YES;
				CLANG_WARN_INT_CONVERSION = YES;
				CLANG_WARN_NON_LITERAL_NULL_CONVERSION = YES;
				CLANG_WARN_OBJC_IMPLICIT_RETAIN_SELF = YES;
				CLANG_WARN_OBJC_LITERAL_CONVERSION = YES;
				CLANG_WARN_OBJC_ROOT_CLASS = YES_ERROR;
				CLANG_WARN_RANGE_LOOP_ANALYSIS = YES;
				CLANG_WARN_STRICT_PROTOTYPES = YES;
				CLANG_WARN_SUSPICIOUS_MOVE = YES;
				CLANG_WARN_UNGUARDED_AVAILABILITY = YES_AGGRESSIVE;
				CLANG_WARN_UNREACHABLE_CODE = YES;
				CLANG_WARN__DUPLICATE_METHOD_MATCH = YES;
				COPY_PHASE_STRIP = NO;
				DEBUG_INFORMATION_FORMAT = dwarf;
				ENABLE_STRICT_OBJC_MSGSEND = YES;
				ENABLE_TESTABILITY = YES;
				GCC_C_LANGUAGE_STANDARD = gnu11;
				GCC_DYNAMIC_NO_PIC = NO;
				GCC_NO_COMMON_BLOCKS = YES;
				GCC_OPTIMIZATION_LEVEL = 0;
				GCC_PREPROCESSOR_DEFINITIONS = (
					"DEBUG=1",
					"$(inherited)",
				);
				GCC_WARN_64_TO_32_BIT_CONVERSION = YES;
				GCC_WARN_ABOUT_RETURN_TYPE = YES_ERROR;
				GCC_WARN_UNDECLARED_SELECTOR = YES;
				GCC_WARN_UNINITIALIZED_AUTOS = YES_AGGRESSIVE;
				GCC_WARN_UNUSED_FUNCTION = YES;
				GCC_WARN_UNUSED_VARIABLE = YES;
				IPHONEOS_DEPLOYMENT_TARGET = 13.1;
				MTL_ENABLE_DEBUG_INFO = INCLUDE_SOURCE;
				MTL_FAST_MATH = YES;
				ONLY_ACTIVE_ARCH = YES;
				SDKROOT = iphoneos;
				SWIFT_ACTIVE_COMPILATION_CONDITIONS = DEBUG;
				SWIFT_OPTIMIZATION_LEVEL = "-Onone";
			};
			name = Debug;
		};
		4960666323A566C5002639B9 /* Release */ = {
			isa = XCBuildConfiguration;
			buildSettings = {
				ALWAYS_SEARCH_USER_PATHS = NO;
				CLANG_ANALYZER_NONNULL = YES;
				CLANG_ANALYZER_NUMBER_OBJECT_CONVERSION = YES_AGGRESSIVE;
				CLANG_CXX_LANGUAGE_STANDARD = "gnu++14";
				CLANG_CXX_LIBRARY = "libc++";
				CLANG_ENABLE_MODULES = YES;
				CLANG_ENABLE_OBJC_ARC = YES;
				CLANG_ENABLE_OBJC_WEAK = YES;
				CLANG_WARN_BLOCK_CAPTURE_AUTORELEASING = YES;
				CLANG_WARN_BOOL_CONVERSION = YES;
				CLANG_WARN_COMMA = YES;
				CLANG_WARN_CONSTANT_CONVERSION = YES;
				CLANG_WARN_DEPRECATED_OBJC_IMPLEMENTATIONS = YES;
				CLANG_WARN_DIRECT_OBJC_ISA_USAGE = YES_ERROR;
				CLANG_WARN_DOCUMENTATION_COMMENTS = YES;
				CLANG_WARN_EMPTY_BODY = YES;
				CLANG_WARN_ENUM_CONVERSION = YES;
				CLANG_WARN_INFINITE_RECURSION = YES;
				CLANG_WARN_INT_CONVERSION = YES;
				CLANG_WARN_NON_LITERAL_NULL_CONVERSION = YES;
				CLANG_WARN_OBJC_IMPLICIT_RETAIN_SELF = YES;
				CLANG_WARN_OBJC_LITERAL_CONVERSION = YES;
				CLANG_WARN_OBJC_ROOT_CLASS = YES_ERROR;
				CLANG_WARN_RANGE_LOOP_ANALYSIS = YES;
				CLANG_WARN_STRICT_PROTOTYPES = YES;
				CLANG_WARN_SUSPICIOUS_MOVE = YES;
				CLANG_WARN_UNGUARDED_AVAILABILITY = YES_AGGRESSIVE;
				CLANG_WARN_UNREACHABLE_CODE = YES;
				CLANG_WARN__DUPLICATE_METHOD_MATCH = YES;
				COPY_PHASE_STRIP = NO;
				DEBUG_INFORMATION_FORMAT = "dwarf-with-dsym";
				ENABLE_NS_ASSERTIONS = NO;
				ENABLE_STRICT_OBJC_MSGSEND = YES;
				GCC_C_LANGUAGE_STANDARD = gnu11;
				GCC_NO_COMMON_BLOCKS = YES;
				GCC_WARN_64_TO_32_BIT_CONVERSION = YES;
				GCC_WARN_ABOUT_RETURN_TYPE = YES_ERROR;
				GCC_WARN_UNDECLARED_SELECTOR = YES;
				GCC_WARN_UNINITIALIZED_AUTOS = YES_AGGRESSIVE;
				GCC_WARN_UNUSED_FUNCTION = YES;
				GCC_WARN_UNUSED_VARIABLE = YES;
				IPHONEOS_DEPLOYMENT_TARGET = 13.1;
				MTL_ENABLE_DEBUG_INFO = NO;
				MTL_FAST_MATH = YES;
				SDKROOT = iphoneos;
				SWIFT_COMPILATION_MODE = wholemodule;
				SWIFT_OPTIMIZATION_LEVEL = "-O";
				VALIDATE_PRODUCT = YES;
			};
			name = Release;
		};
		4960666523A566C5002639B9 /* Debug */ = {
			isa = XCBuildConfiguration;
			buildSettings = {
				ASSETCATALOG_COMPILER_APPICON_NAME = AppIcon;
				CODE_SIGN_STYLE = Automatic;
				DEVELOPMENT_TEAM = 274RF4F6D5;
				INFOPLIST_FILE = finalTestCatAPI/Info.plist;
				LD_RUNPATH_SEARCH_PATHS = (
					"$(inherited)",
					"@executable_path/Frameworks",
				);
				PRODUCT_BUNDLE_IDENTIFIER = maxches99.finalTestCatAPI;
				PRODUCT_NAME = "$(TARGET_NAME)";
				SWIFT_VERSION = 5.0;
				TARGETED_DEVICE_FAMILY = "1,2";
			};
			name = Debug;
		};
		4960666623A566C5002639B9 /* Release */ = {
			isa = XCBuildConfiguration;
			buildSettings = {
				ASSETCATALOG_COMPILER_APPICON_NAME = AppIcon;
				CODE_SIGN_STYLE = Automatic;
				DEVELOPMENT_TEAM = 274RF4F6D5;
				INFOPLIST_FILE = finalTestCatAPI/Info.plist;
				LD_RUNPATH_SEARCH_PATHS = (
					"$(inherited)",
					"@executable_path/Frameworks",
				);
				PRODUCT_BUNDLE_IDENTIFIER = maxches99.finalTestCatAPI;
				PRODUCT_NAME = "$(TARGET_NAME)";
				SWIFT_VERSION = 5.0;
				TARGETED_DEVICE_FAMILY = "1,2";
			};
			name = Release;
		};
/* End XCBuildConfiguration section */

/* Begin XCConfigurationList section */
		4960664B23A566C0002639B9 /* Build configuration list for PBXProject "finalTestCatAPI" */ = {
			isa = XCConfigurationList;
			buildConfigurations = (
				4960666223A566C5002639B9 /* Debug */,
				4960666323A566C5002639B9 /* Release */,
			);
			defaultConfigurationIsVisible = 0;
			defaultConfigurationName = Release;
		};
		4960666423A566C5002639B9 /* Build configuration list for PBXNativeTarget "finalTestCatAPI" */ = {
			isa = XCConfigurationList;
			buildConfigurations = (
				4960666523A566C5002639B9 /* Debug */,
				4960666623A566C5002639B9 /* Release */,
			);
			defaultConfigurationIsVisible = 0;
			defaultConfigurationName = Release;
		};
/* End XCConfigurationList section */
	};
	rootObject = 4960664823A566C0002639B9 /* Project object */;
}
